{
    "_meta": {
        "hash": {
            "sha256": "c49a6d854f2203e8f4dea109f1b593b92ce05e2abf13f71d722f3d5a8829c16b"
        },
        "pipfile-spec": 6,
        "requires": {
            "python_full_version": "3.10.12",
            "python_version": "3.10"
        },
        "sources": [
            {
                "name": "pypi",
                "url": "https://pypi.org/simple",
                "verify_ssl": true
            }
        ]
    },
    "default": {
        "pyaes": {
            "hashes": [
                "sha256:02c1b1405c38d3c370b085fb952dd8bea3fadcee6411ad99f312cc129c536d8f"
            ],
            "index": "pypi",
            "version": "==1.6.1"
        }
    },
    "develop": {}
}
